// !$*UTF8*$!
{
	archiveVersion = 1;
	classes = {
	};
	objectVersion = 48;
	objects = {

/* Begin PBXBuildFile section */
		9B2FD9F21F384632006C30FC /* AppDelegate.swift in Sources */ = {isa = PBXBuildFile; fileRef = 9B2FD9F11F384632006C30FC /* AppDelegate.swift */; };
		9B2FD9F41F384632006C30FC /* ViewController.swift in Sources */ = {isa = PBXBuildFile; fileRef = 9B2FD9F31F384632006C30FC /* ViewController.swift */; };
		9B2FD9F71F384632006C30FC /* Main.storyboard in Resources */ = {isa = PBXBuildFile; fileRef = 9B2FD9F51F384632006C30FC /* Main.storyboard */; };
		9B2FD9F91F384632006C30FC /* Assets.xcassets in Resources */ = {isa = PBXBuildFile; fileRef = 9B2FD9F81F384632006C30FC /* Assets.xcassets */; };
		9B2FD9FC1F384632006C30FC /* LaunchScreen.storyboard in Resources */ = {isa = PBXBuildFile; fileRef = 9B2FD9FA1F384632006C30FC /* LaunchScreen.storyboard */; };
		9B2FDA051F38465F006C30FC /* DeviceCheck.framework in Frameworks */ = {isa = PBXBuildFile; fileRef = 9B2FDA041F38465F006C30FC /* DeviceCheck.framework */; };
/* End PBXBuildFile section */

/* Begin PBXFileReference section */
		9B2FD9EE1F384632006C30FC /* DCDeviceTest.app */ = {isa = PBXFileReference; explicitFileType = wrapper.application; includeInIndex = 0; path = DCDeviceTest.app; sourceTree = BUILT_PRODUCTS_DIR; };
		9B2FD9F11F384632006C30FC /* AppDelegate.swift */ = {isa = PBXFileReference; lastKnownFileType = sourcecode.swift; path = AppDelegate.swift; sourceTree = "<group>"; };
		9B2FD9F31F384632006C30FC /* ViewController.swift */ = {isa = PBXFileReference; lastKnownFileType = sourcecode.swift; path = ViewController.swift; sourceTree = "<group>"; };
		9B2FD9F61F384632006C30FC /* Base */ = {isa = PBXFileReference; lastKnownFileType = file.storyboard; name = Base; path = Base.lproj/Main.storyboard; sourceTree = "<group>"; };
		9B2FD9F81F384632006C30FC /* Assets.xcassets */ = {isa = PBXFileReference; lastKnownFileType = folder.assetcatalog; path = Assets.xcassets; sourceTree = "<group>"; };
		9B2FD9FB1F384632006C30FC /* Base */ = {isa = PBXFileReference; lastKnownFileType = file.storyboard; name = Base; path = Base.lproj/LaunchScreen.storyboard; sourceTree = "<group>"; };
		9B2FD9FD1F384632006C30FC /* Info.plist */ = {isa = PBXFileReference; lastKnownFileType = text.plist.xml; path = Info.plist; sourceTree = "<group>"; };
		9B2FDA041F38465F006C30FC /* DeviceCheck.framework */ = {isa = PBXFileReference; lastKnownFileType = wrapper.framework; name = DeviceCheck.framework; path = System/Library/Frameworks/DeviceCheck.framework; sourceTree = SDKROOT; };
/* End PBXFileReference section */

/* Begin PBXFrameworksBuildPhase section */
		9B2FD9EB1F384632006C30FC /* Frameworks */ = {
			isa = PBXFrameworksBuildPhase;
			buildActionMask = 2147483647;
			files = (
				9B2FDA051F38465F006C30FC /* DeviceCheck.framework in Frameworks */,
			);
			runOnlyForDeploymentPostprocessing = 0;
		};
/* End PBXFrameworksBuildPhase section */

/* Begin PBXGroup section */
		9B2FD9E51F384632006C30FC = {
			isa = PBXGroup;
			children = (
				9B2FD9F01F384632006C30FC /* DCDeviceTest */,
				9B2FD9EF1F384632006C30FC /* Products */,
				9B2FDA031F38465F006C30FC /* Frameworks */,
			);
			sourceTree = "<group>";
		};
		9B2FD9EF1F384632006C30FC /* Products */ = {
			isa = PBXGroup;
			children = (
				9B2FD9EE1F384632006C30FC /* DCDeviceTest.app */,
			);
			name = Products;
			sourceTree = "<group>";
		};
		9B2FD9F01F384632006C30FC /* DCDeviceTest */ = {
			isa = PBXGroup;
			children = (
				9B2FD9F11F384632006C30FC /* AppDelegate.swift */,
				9B2FD9F31F384632006C30FC /* ViewController.swift */,
				9B2FD9F51F384632006C30FC /* Main.storyboard */,
				9B2FD9F81F384632006C30FC /* Assets.xcassets */,
				9B2FD9FA1F384632006C30FC /* LaunchScreen.storyboard */,
				9B2FD9FD1F384632006C30FC /* Info.plist */,
			);
			path = DCDeviceTest;
			sourceTree = "<group>";
		};
		9B2FDA031F38465F006C30FC /* Frameworks */ = {
			isa = PBXGroup;
			children = (
				9B2FDA041F38465F006C30FC /* DeviceCheck.framework */,
			);
			name = Frameworks;
			sourceTree = "<group>";
		};
/* End PBXGroup section */

/* Begin PBXNativeTarget section */
		9B2FD9ED1F384632006C30FC /* DCDeviceTest */ = {
			isa = PBXNativeTarget;
			buildConfigurationList = 9B2FDA001F384632006C30FC /* Build configuration list for PBXNativeTarget "DCDeviceTest" */;
			buildPhases = (
				9B2FD9EA1F384632006C30FC /* Sources */,
				9B2FD9EB1F384632006C30FC /* Frameworks */,
				9B2FD9EC1F384632006C30FC /* Resources */,
			);
			buildRules = (
			);
			dependencies = (
			);
			name = DCDeviceTest;
			productName = DCDeviceTest;
			productReference = 9B2FD9EE1F384632006C30FC /* DCDeviceTest.app */;
			productType = "com.apple.product-type.application";
		};
/* End PBXNativeTarget section */

/* Begin PBXProject section */
		9B2FD9E61F384632006C30FC /* Project object */ = {
			isa = PBXProject;
			attributes = {
				LastSwiftUpdateCheck = 0900;
				LastUpgradeCheck = 0900;
				ORGANIZATIONNAME = wanglei;
				TargetAttributes = {
					9B2FD9ED1F384632006C30FC = {
						CreatedOnToolsVersion = 9.0;
						ProvisioningStyle = Manual;
					};
				};
			};
			buildConfigurationList = 9B2FD9E91F384632006C30FC /* Build configuration list for PBXProject "DCDeviceTest" */;
			compatibilityVersion = "Xcode 8.0";
			developmentRegion = en;
			hasScannedForEncodings = 0;
			knownRegions = (
				en,
				Base,
			);
			mainGroup = 9B2FD9E51F384632006C30FC;
			productRefGroup = 9B2FD9EF1F384632006C30FC /* Products */;
			projectDirPath = "";
			projectRoot = "";
			targets = (
				9B2FD9ED1F384632006C30FC /* DCDeviceTest */,
			);
		};
/* End PBXProject section */

/* Begin PBXResourcesBuildPhase section */
		9B2FD9EC1F384632006C30FC /* Resources */ = {
			isa = PBXResourcesBuildPhase;
			buildActionMask = 2147483647;
			files = (
				9B2FD9FC1F384632006C30FC /* LaunchScreen.storyboard in Resources */,
				9B2FD9F91F384632006C30FC /* Assets.xcassets in Resources */,
				9B2FD9F71F384632006C30FC /* Main.storyboard in Resources */,
			);
			runOnlyForDeploymentPostprocessing = 0;
		};
/* End PBXResourcesBuildPhase section */

/* Begin PBXSourcesBuildPhase section */
		9B2FD9EA1F384632006C30FC /* Sources */ = {
			isa = PBXSourcesBuildPhase;
			buildActionMask = 2147483647;
			files = (
				9B2FD9F41F384632006C30FC /* ViewController.swift in Sources */,
				9B2FD9F21F384632006C30FC /* AppDelegate.swift in Sources */,
			);
			runOnlyForDeploymentPostprocessing = 0;
		};
/* End PBXSourcesBuildPhase section */

/* Begin PBXVariantGroup section */
		9B2FD9F51F384632006C30FC /* Main.storyboard */ = {
			isa = PBXVariantGroup;
			children = (
				9B2FD9F61F384632006C30FC /* Base */,
			);
			name = Main.storyboard;
			sourceTree = "<group>";
		};
		9B2FD9FA1F384632006C30FC /* LaunchScreen.storyboard */ = {
			isa = PBXVariantGroup;
			children = (
				9B2FD9FB1F384632006C30FC /* Base */,
			);
			name = LaunchScreen.storyboard;
			sourceTree = "<group>";
		};
/* End PBXVariantGroup section */

/* Begin XCBuildConfiguration section */
		9B2FD9FE1F384632006C30FC /* Debug */ = {
			isa = XCBuildConfiguration;
			buildSettings = {
				ALWAYS_SEARCH_USER_PATHS = NO;
				CLANG_ANALYZER_NONNULL = YES;
				CLANG_ANALYZER_NUMBER_OBJECT_CONVERSION = YES_AGGRESSIVE;
				CLANG_CXX_LANGUAGE_STANDARD = "gnu++14";
				CLANG_CXX_LIBRARY = "libc++";
				CLANG_ENABLE_MODULES = YES;
				CLANG_ENABLE_OBJC_ARC = YES;
				CLANG_WARN_BLOCK_CAPTURE_AUTORELEASING = YES;
				CLANG_WARN_BOOL_CONVERSION = YES;
				CLANG_WARN_COMMA = YES;
				CLANG_WARN_CONSTANT_CONVERSION = YES;
				CLANG_WARN_DIRECT_OBJC_ISA_USAGE = YES_ERROR;
				CLANG_WARN_DOCUMENTATION_COMMENTS = YES;
				CLANG_WARN_EMPTY_BODY = YES;
				CLANG_WARN_ENUM_CONVERSION = YES;
				CLANG_WARN_INFINITE_RECURSION = YES;
				CLANG_WARN_INT_CONVERSION = YES;
				CLANG_WARN_NON_LITERAL_NULL_CONVERSION = YES;
				CLANG_WARN_OBJC_LITERAL_CONVERSION = YES;
				CLANG_WARN_OBJC_ROOT_CLASS = YES_ERROR;
				CLANG_WARN_RANGE_LOOP_ANALYSIS = YES;
				CLANG_WARN_STRICT_PROTOTYPES = YES;
				CLANG_WARN_SUSPICIOUS_MOVE = YES;
				CLANG_WARN_UNGUARDED_AVAILABILITY = YES_AGGRESSIVE;
				CLANG_WARN_UNREACHABLE_CODE = YES;
				CLANG_WARN__DUPLICATE_METHOD_MATCH = YES;
				CODE_SIGN_IDENTITY = "iPhone Developer";
				COPY_PHASE_STRIP = NO;
				DEBUG_INFORMATION_FORMAT = dwarf;
				ENABLE_STRICT_OBJC_MSGSEND = YES;
				ENABLE_TESTABILITY = YES;
				GCC_C_LANGUAGE_STANDARD = gnu11;
				GCC_DYNAMIC_NO_PIC = NO;
				GCC_NO_COMMON_BLOCKS = YES;
				GCC_OPTIMIZATION_LEVEL = 0;
				GCC_PREPROCESSOR_DEFINITIONS = (
					"DEBUG=1",
					"$(inherited)",
				);
				GCC_WARN_64_TO_32_BIT_CONVERSION = YES;
				GCC_WARN_ABOUT_RETURN_TYPE = YES_ERROR;
				GCC_WARN_UNDECLARED_SELECTOR = YES;
				GCC_WARN_UNINITIALIZED_AUTOS = YES_AGGRESSIVE;
				GCC_WARN_UNUSED_FUNCTION = YES;
				GCC_WARN_UNUSED_VARIABLE = YES;
				IPHONEOS_DEPLOYMENT_TARGET = 11.0;
				MTL_ENABLE_DEBUG_INFO = YES;
				ONLY_ACTIVE_ARCH = YES;
				SDKROOT = iphoneos;
				SWIFT_ACTIVE_COMPILATION_CONDITIONS = DEBUG;
				SWIFT_OPTIMIZATION_LEVEL = "-Onone";
			};
			name = Debug;
		};
		9B2FD9FF1F384632006C30FC /* Release */ = {
			isa = XCBuildConfiguration;
			buildSettings = {
				ALWAYS_SEARCH_USER_PATHS = NO;
				CLANG_ANALYZER_NONNULL = YES;
				CLANG_ANALYZER_NUMBER_OBJECT_CONVERSION = YES_AGGRESSIVE;
				CLANG_CXX_LANGUAGE_STANDARD = "gnu++14";
				CLANG_CXX_LIBRARY = "libc++";
				CLANG_ENABLE_MODULES = YES;
				CLANG_ENABLE_OBJC_ARC = YES;
				CLANG_WARN_BLOCK_CAPTURE_AUTORELEASING = YES;
				CLANG_WARN_BOOL_CONVERSION = YES;
				CLANG_WARN_COMMA = YES;
				CLANG_WARN_CONSTANT_CONVERSION = YES;
				CLANG_WARN_DIRECT_OBJC_ISA_USAGE = YES_ERROR;
				CLANG_WARN_DOCUMENTATION_COMMENTS = YES;
				CLANG_WARN_EMPTY_BODY = YES;
				CLANG_WARN_ENUM_CONVERSION = YES;
				CLANG_WARN_INFINITE_RECURSION = YES;
				CLANG_WARN_INT_CONVERSION = YES;
				CLANG_WARN_NON_LITERAL_NULL_CONVERSION = YES;
				CLANG_WARN_OBJC_LITERAL_CONVERSION = YES;
				CLANG_WARN_OBJC_ROOT_CLASS = YES_ERROR;
				CLANG_WARN_RANGE_LOOP_ANALYSIS = YES;
				CLANG_WARN_STRICT_PROTOTYPES = YES;
				CLANG_WARN_SUSPICIOUS_MOVE = YES;
				CLANG_WARN_UNGUARDED_AVAILABILITY = YES_AGGRESSIVE;
				CLANG_WARN_UNREACHABLE_CODE = YES;
				CLANG_WARN__DUPLICATE_METHOD_MATCH = YES;
				CODE_SIGN_IDENTITY = "iPhone Developer";
				COPY_PHASE_STRIP = NO;
				DEBUG_INFORMATION_FORMAT = "dwarf-with-dsym";
				ENABLE_NS_ASSERTIONS = NO;
				ENABLE_STRICT_OBJC_MSGSEND = YES;
				GCC_C_LANGUAGE_STANDARD = gnu11;
				GCC_NO_COMMON_BLOCKS = YES;
				GCC_WARN_64_TO_32_BIT_CONVERSION = YES;
				GCC_WARN_ABOUT_RETURN_TYPE = YES_ERROR;
				GCC_WARN_UNDECLARED_SELECTOR = YES;
				GCC_WARN_UNINITIALIZED_AUTOS = YES_AGGRESSIVE;
				GCC_WARN_UNUSED_FUNCTION = YES;
				GCC_WARN_UNUSED_VARIABLE = YES;
				IPHONEOS_DEPLOYMENT_TARGET = 11.0;
				MTL_ENABLE_DEBUG_INFO = NO;
				SDKROOT = iphoneos;
				SWIFT_OPTIMIZATION_LEVEL = "-Owholemodule";
				VALIDATE_PRODUCT = YES;
			};
			name = Release;
		};
		9B2FDA011F384632006C30FC /* Debug */ = {
			isa = XCBuildConfiguration;
			buildSettings = {
				ASSETCATALOG_COMPILER_APPICON_NAME = AppIcon;
				CODE_SIGN_IDENTITY = "iPhone Developer: Jie Sun (L9SV38G294)";
				CODE_SIGN_STYLE = Manual;
				DEVELOPMENT_TEAM = "";
				INFOPLIST_FILE = DCDeviceTest/Info.plist;
				LD_RUNPATH_SEARCH_PATHS = "$(inherited) @executable_path/Frameworks";
				PRODUCT_BUNDLE_IDENTIFIER = com.shenyun.pushsample;
				PRODUCT_NAME = "$(TARGET_NAME)";
				PROVISIONING_PROFILE = "f768cdf7-0295-42be-a9e5-4242695cbb05";
				PROVISIONING_PROFILE_SPECIFIER = "";
				SWIFT_VERSION = 4.0;
				TARGETED_DEVICE_FAMILY = "1,2";
			};
			name = Debug;
		};
		9B2FDA021F384632006C30FC /* Release */ = {
			isa = XCBuildConfiguration;
			buildSettings = {
				ASSETCATALOG_COMPILER_APPICON_NAME = AppIcon;
				CODE_SIGN_IDENTITY = "iPhone Developer: Jie Sun (L9SV38G294)";
				CODE_SIGN_STYLE = Manual;
				DEVELOPMENT_TEAM = "";
				INFOPLIST_FILE = DCDeviceTest/Info.plist;
				LD_RUNPATH_SEARCH_PATHS = "$(inherited) @executable_path/Frameworks";
				PRODUCT_BUNDLE_IDENTIFIER = com.shenyun.pushsample;
				PRODUCT_NAME = "$(TARGET_NAME)";
				PROVISIONING_PROFILE = "f768cdf7-0295-42be-a9e5-4242695cbb05";
				PROVISIONING_PROFILE_SPECIFIER = "";
				SWIFT_VERSION = 4.0;
				TARGETED_DEVICE_FAMILY = "1,2";
			};
			name = Release;
		};
/* End XCBuildConfiguration section */

/* Begin XCConfigurationList section */
		9B2FD9E91F384632006C30FC /* Build configuration list for PBXProject "DCDeviceTest" */ = {
			isa = XCConfigurationList;
			buildConfigurations = (
				9B2FD9FE1F384632006C30FC /* Debug */,
				9B2FD9FF1F384632006C30FC /* Release */,
			);
			defaultConfigurationIsVisible = 0;
			defaultConfigurationName = Release;
		};
		9B2FDA001F384632006C30FC /* Build configuration list for PBXNativeTarget "DCDeviceTest" */ = {
			isa = XCConfigurationList;
			buildConfigurations = (
				9B2FDA011F384632006C30FC /* Debug */,
				9B2FDA021F384632006C30FC /* Release */,
			);
			defaultConfigurationIsVisible = 0;
			defaultConfigurationName = Release;
		};
/* End XCConfigurationList section */
	};
	rootObject = 9B2FD9E61F384632006C30FC /* Project object */;
}
